
Microsoft Visual Studio Solution File, Format Version 12.00
# Visual Studio Version 16
VisualStudioVersion = 16.0.31424.327
MinimumVisualStudioVersion = 10.0.40219.1
Project("{FAE04EC0-301F-11D3-BF4B-00C04F79EFBC}") = "Hostel.PresentationWeb", "Hostel.PresentationWeb\Hostel.PresentationWeb.csproj", "{55C5EEB8-B67D-4EED-9625-ABD9C2C26AC6}"
EndProject
Project("{FAE04EC0-301F-11D3-BF4B-00C04F79EFBC}") = "Hostel.BusinessLogic", "Hostel.BusinessLogic\Hostel.BusinessLogic.csproj", "{DECE1C56-112B-4495-BA7D-4D1A49258B82}"
EndProject
Project("{FAE04EC0-301F-11D3-BF4B-00C04F79EFBC}") = "Hostel.DataAccess", "Hostel.DataAccess\Hostel.DataAccess.csproj", "{109EB325-3FC5-4552-9FEA-AAE1588A24DA}"
EndProject
Global
	GlobalSection(SolutionConfigurationPlatforms) = preSolution
		Debug|Any CPU = Debug|Any CPU
		Release|Any CPU = Release|Any CPU
	EndGlobalSection
	GlobalSection(ProjectConfigurationPlatforms) = postSolution
		{55C5EEB8-B67D-4EED-9625-ABD9C2C26AC6}.Debug|Any CPU.ActiveCfg = Debug|Any CPU
		{55C5EEB8-B67D-4EED-9625-ABD9C2C26AC6}.Debug|Any CPU.Build.0 = Debug|Any CPU
		{55C5EEB8-B67D-4EED-9625-ABD9C2C26AC6}.Release|Any CPU.ActiveCfg = Release|Any CPU
		{55C5EEB8-B67D-4EED-9625-ABD9C2C26AC6}.Release|Any CPU.Build.0 = Release|Any CPU
		{DECE1C56-112B-4495-BA7D-4D1A49258B82}.Debug|Any CPU.ActiveCfg = Debug|Any CPU
		{DECE1C56-112B-4495-BA7D-4D1A49258B82}.Debug|Any CPU.Build.0 = Debug|Any CPU
		{DECE1C56-112B-4495-BA7D-4D1A49258B82}.Release|Any CPU.ActiveCfg = Release|Any CPU
		{DECE1C56-112B-4495-BA7D-4D1A49258B82}.Release|Any CPU.Build.0 = Release|Any CPU
		{109EB325-3FC5-4552-9FEA-AAE1588A24DA}.Debug|Any CPU.ActiveCfg = Debug|Any CPU
		{109EB325-3FC5-4552-9FEA-AAE1588A24DA}.Debug|Any CPU.Build.0 = Debug|Any CPU
		{109EB325-3FC5-4552-9FEA-AAE1588A24DA}.Release|Any CPU.ActiveCfg = Release|Any CPU
		{109EB325-3FC5-4552-9FEA-AAE1588A24DA}.Release|Any CPU.Build.0 = Release|Any CPU
	EndGlobalSection
	GlobalSection(SolutionProperties) = preSolution
		HideSolutionNode = FALSE
	EndGlobalSection
	GlobalSection(ExtensibilityGlobals) = postSolution
		SolutionGuid = {08095539-BAFF-432C-8CC9-B881D2E82380}
	EndGlobalSection
EndGlobal
